lockfile_version: '1'
generated_at: '2026-07-08T23:27:43.295219+00:00'
apm_version: 0.14.2
dependencies:
- repo_url: _local/skill-workbench
  package_type: claude_skill
  deployed_files:
  - .agents/skills/skill-workbench
  - .claude/skills/skill-workbench
  source: local
  local_path: ./meta/skill-workbench
